Microsoft Visual Studio Solution File, Format Version 12.00
# Visual Studio Version 17
VisualStudioVersion = 17.0.31815.197
MinimumVisualStudioVersion = 10.0.40219.1
Project("{2150E333-8FDC-42A3-9474-1A3956D46DE8}") = "Dev", "Dev", "{B26DDE73-0369-4977-A004-3CCDE2B38825}"
	ProjectSection(SolutionItems) = preProject
		Dev\.editorconfig = Dev\.editorconfig
	EndProjectSection
EndProject
Project("{FAE04EC0-301F-11D3-BF4B-00C04F79EFBC}") = "HealthCheck.DevTest.NetFramework", "Dev\HealthCheck.DevTest.NetFramework\HealthCheck.DevTest.NetFramework.csproj", "{7692E64E-1510-4362-AE3A-E4BE6A68EDDF}"
EndProject
Project("{9A19103F-16F7-4668-BE54-9A1E7A4F7556}") = "HealthCheck.Core.Tests", "Tests\HealthCheck.Core.Tests\HealthCheck.Core.Tests.csproj", "{D324CB88-6FA9-4F9C-B7DD-EA7906132F6E}"
EndProject
Project("{9A19103F-16F7-4668-BE54-9A1E7A4F7556}") = "HealthCheck.WebUI", "HealthCheck.WebUI\HealthCheck.WebUI.csproj", "{2A641F75-5D28-4BF1-9019-8286FCBD6AC5}"
EndProject
Project("{9A19103F-16F7-4668-BE54-9A1E7A4F7556}") = "HealthCheck.Core", "HealthCheck.Core\HealthCheck.Core.csproj", "{DF551DB9-32A9-4519-B19C-2F306A486448}"
EndProject
Project("{9A19103F-16F7-4668-BE54-9A1E7A4F7556}") = "HealthCheck.WebUI.Tests", "Tests\HealthCheck.WebUI.Tests\HealthCheck.WebUI.Tests.csproj", "{4E0CF690-86CF-47F1-86CE-D837FBA75EF6}"
EndProject
Project("{9A19103F-16F7-4668-BE54-9A1E7A4F7556}") = "HealthCheck.Module.RequestLog", "Modules\HealthCheck.Module.RequestLog\HealthCheck.Module.RequestLog.csproj", "{E1337F9C-3E88-4453-BC84-B8FE52874C93}"
EndProject
Project("{2150E333-8FDC-42A3-9474-1A3956D46DE8}") = "Modules", "Modules", "{3FDC5685-F607-4E31-981B-1D23817E5E2E}"
EndProject
Project("{9A19103F-16F7-4668-BE54-9A1E7A4F7556}") = "HealthCheck.Module.DevModule", "Dev\HealthCheck.Module.DevModule\HealthCheck.Module.DevModule.csproj", "{81552B74-1F58-4CC1-B76B-87E84A35571A}"
EndProject
Project("{2150E333-8FDC-42A3-9474-1A3956D46DE8}") = "Solution Items", "Solution Items", "{D387D01E-B6A5-44A4-969F-051127E09311}"
	ProjectSection(SolutionItems) = preProject
		.editorconfig = .editorconfig
		azure-pipelines.yml = azure-pipelines.yml
		README.md = README.md
	EndProjectSection
EndProject
Project("{9A19103F-16F7-4668-BE54-9A1E7A4F7556}") = "HealthCheck.Module.DynamicCodeExecution", "Modules\HealthCheck.Module.DynamicCodeExecution\HealthCheck.Module.DynamicCodeExecution.csproj", "{12FF11C4-EE44-4142-A335-EE7E7E9C4C60}"
EndProject
Project("{9A19103F-16F7-4668-BE54-9A1E7A4F7556}") = "HealthCheck.Module.DynamicCodeExecution.AutoComplete.MCA", "Modules\HealthCheck.Module.DynamicCodeExecution.AutoComplete.MCA\HealthCheck.Module.DynamicCodeExecution.AutoComplete.MCA.csproj", "{DE9EA2DB-5D18-4CF8-A3B7-B32D0BF48D96}"
EndProject
Project("{2150E333-8FDC-42A3-9474-1A3956D46DE8}") = "Tests", "Tests", "{23FF7575-64C7-43DC-9FDB-1FE4BF5A1D3F}"
	ProjectSection(SolutionItems) = preProject
		Tests\.editorconfig = Tests\.editorconfig
	EndProjectSection
EndProject
Project("{9A19103F-16F7-4668-BE54-9A1E7A4F7556}") = "HealthCheck.Dev.Common", "Dev\HealthCheck.Dev.Common\HealthCheck.Dev.Common.csproj", "{179722CB-48F2-47FB-B2A2-1526959935AE}"
EndProject
Project("{2150E333-8FDC-42A3-9474-1A3956D46DE8}") = "Utility", "Utility", "{6A669F1D-22D1-4E66-A535-34AB35E7E981}"
EndProject
Project("{9A19103F-16F7-4668-BE54-9A1E7A4F7556}") = "HealthCheck.Utility.Reflection", "Utility\HealthCheck.Utility.Reflection\HealthCheck.Utility.Reflection.csproj", "{D5F7ED2E-28ED-4698-A516-E19F3B829F8C}"
EndProject
Project("{9A19103F-16F7-4668-BE54-9A1E7A4F7556}") = "HealthCheck.Module.EndpointControl", "Modules\HealthCheck.Module.EndpointControl\HealthCheck.Module.EndpointControl.csproj", "{9F646F26-A7FE-4A26-88C7-3087412987BF}"
EndProject
Project("{9A19103F-16F7-4668-BE54-9A1E7A4F7556}") = "HealthCheck.FrontendModelGenerator", "HealthCheck.FrontendModelGenerator\HealthCheck.FrontendModelGenerator.csproj", "{900270EB-1E6B-45E8-A283-D0AABE4E5A98}"
EndProject
Project("{9A19103F-16F7-4668-BE54-9A1E7A4F7556}") = "HealthCheck.Episerver", "Episerver\HealthCheck.Episerver\HealthCheck.Episerver.csproj", "{0EBC2DA3-9E28-4623-9F20-83278D31D964}"
EndProject
Project("{2150E333-8FDC-42A3-9474-1A3956D46DE8}") = "Episerver", "Episerver", "{DFA1DC1E-CEA9-4C53-9677-A203B2B045E4}"
EndProject
Project("{9A19103F-16F7-4668-BE54-9A1E7A4F7556}") = "HealthCheck.Episerver.DynamicCodeExecution", "Episerver\HealthCheck.Episerver.DynamicCodeExecution\HealthCheck.Episerver.DynamicCodeExecution\HealthCheck.Episerver.DynamicCodeExecution.csproj", "{20376DC6-4F30-4D20-BC35-90B677C145CB}"
EndProject
Project("{9A19103F-16F7-4668-BE54-9A1E7A4F7556}") = "HealthCheck.Episerver.EndpointControl", "Episerver\HealthCheck.Episerver.EndpointControl\HealthCheck.Episerver.EndpointControl.csproj", "{57E360B0-A55C-4D2D-9B04-73F15DEA5325}"
EndProject
Project("{9A19103F-16F7-4668-BE54-9A1E7A4F7556}") = "HealthCheck.WebUI.MFA.TOTP", "HealthCheck.WebUI.MFA.TOTP\HealthCheck.WebUI.MFA.TOTP.csproj", "{883A169F-A2F1-4001-AD95-1807951F9B7E}"
EndProject
Project("{9A19103F-16F7-4668-BE54-9A1E7A4F7556}") = "HealthCheck.WebUI.MFA.WebAuthn", "HealthCheck.WebUI.MFA.WebAuthn\HealthCheck.WebUI.MFA.WebAuthn.csproj", "{959A9717-65A2-4DCF-84FE-8757347B00FE}"
EndProject
Project("{9A19103F-16F7-4668-BE54-9A1E7A4F7556}") = "HealthCheck.Episerver.Tests", "Tests\HealthCheck.Episerver.Tests\HealthCheck.Episerver.Tests.csproj", "{4AA61542-531D-4216-8B4D-DBEE43DE29C7}"
EndProject
Project("{9A19103F-16F7-4668-BE54-9A1E7A4F7556}") = "HealthCheck.Module.DataExport", "Modules\HealthCheck.Module.DataExport\HealthCheck.Module.DataExport.csproj", "{261CA139-D847-4086-9D2E-6E416B9A1337}"
EndProject
Project("{9A19103F-16F7-4668-BE54-9A1E7A4F7556}") = "HealthCheck.Episerver.DataExport", "Episerver\HealthCheck.Episerver.DataExport\HealthCheck.Episerver.DataExport.csproj", "{523519C4-83BC-4456-BBBD-E23A0B679E05}"
EndProject
Project("{9A19103F-16F7-4668-BE54-9A1E7A4F7556}") = "HealthCheck.Module.DataExport.Exporter.Excel", "Modules\HealthCheck.Module.DataExport.Exporter.Excel\HealthCheck.Module.DataExport.Exporter.Excel.csproj", "{F2BDA820-2936-4625-A883-9112D7CCCA26}"
EndProject
Project("{9A19103F-16F7-4668-BE54-9A1E7A4F7556}") = "HealthCheck.DevTest.NetCore_6.0", "Dev\HealthCheck.DevTest.NetCore_6.0\HealthCheck.DevTest.NetCore_6.0.csproj", "{238DC1B6-1BCA-4110-839F-F7A947806692}"
EndProject
Project("{9A19103F-16F7-4668-BE54-9A1E7A4F7556}") = "HealthCheck.WebUI.Assets", "HealthCheck.WebUI.Assets\HealthCheck.WebUI.Assets.csproj", "{25B55F67-7413-4E01-879C-E7FCA75C9B30}"
EndProject
Global
	GlobalSection(SolutionConfigurationPlatforms) = preSolution
		Debug|Any CPU = Debug|Any CPU
		Release|Any CPU = Release|Any CPU
	EndGlobalSection
	GlobalSection(ProjectConfigurationPlatforms) = postSolution
		{7692E64E-1510-4362-AE3A-E4BE6A68EDDF}.Debug|Any CPU.ActiveCfg = Debug|Any CPU
		{7692E64E-1510-4362-AE3A-E4BE6A68EDDF}.Debug|Any CPU.Build.0 = Debug|Any CPU
		{7692E64E-1510-4362-AE3A-E4BE6A68EDDF}.Release|Any CPU.ActiveCfg = Release|Any CPU
		{D324CB88-6FA9-4F9C-B7DD-EA7906132F6E}.Debug|Any CPU.ActiveCfg = Debug|Any CPU
		{D324CB88-6FA9-4F9C-B7DD-EA7906132F6E}.Debug|Any CPU.Build.0 = Debug|Any CPU
		{D324CB88-6FA9-4F9C-B7DD-EA7906132F6E}.Release|Any CPU.ActiveCfg = Release|Any CPU
		{D324CB88-6FA9-4F9C-B7DD-EA7906132F6E}.Release|Any CPU.Build.0 = Release|Any CPU
		{2A641F75-5D28-4BF1-9019-8286FCBD6AC5}.Debug|Any CPU.ActiveCfg = Debug|Any CPU
		{2A641F75-5D28-4BF1-9019-8286FCBD6AC5}.Debug|Any CPU.Build.0 = Debug|Any CPU
		{2A641F75-5D28-4BF1-9019-8286FCBD6AC5}.Release|Any CPU.ActiveCfg = Release|Any CPU
		{2A641F75-5D28-4BF1-9019-8286FCBD6AC5}.Release|Any CPU.Build.0 = Release|Any CPU
		{DF551DB9-32A9-4519-B19C-2F306A486448}.Debug|Any CPU.ActiveCfg = Debug|Any CPU
		{DF551DB9-32A9-4519-B19C-2F306A486448}.Debug|Any CPU.Build.0 = Debug|Any CPU
		{DF551DB9-32A9-4519-B19C-2F306A486448}.Release|Any CPU.ActiveCfg = Release|Any CPU
		{DF551DB9-32A9-4519-B19C-2F306A486448}.Release|Any CPU.Build.0 = Release|Any CPU
		{4E0CF690-86CF-47F1-86CE-D837FBA75EF6}.Debug|Any CPU.ActiveCfg = Debug|Any CPU
		{4E0CF690-86CF-47F1-86CE-D837FBA75EF6}.Debug|Any CPU.Build.0 = Debug|Any CPU
		{4E0CF690-86CF-47F1-86CE-D837FBA75EF6}.Release|Any CPU.ActiveCfg = Release|Any CPU
		{4E0CF690-86CF-47F1-86CE-D837FBA75EF6}.Release|Any CPU.Build.0 = Release|Any CPU
		{E1337F9C-3E88-4453-BC84-B8FE52874C93}.Debug|Any CPU.ActiveCfg = Debug|Any CPU
		{E1337F9C-3E88-4453-BC84-B8FE52874C93}.Debug|Any CPU.Build.0 = Debug|Any CPU
		{E1337F9C-3E88-4453-BC84-B8FE52874C93}.Release|Any CPU.ActiveCfg = Release|Any CPU
		{E1337F9C-3E88-4453-BC84-B8FE52874C93}.Release|Any CPU.Build.0 = Release|Any CPU
		{81552B74-1F58-4CC1-B76B-87E84A35571A}.Debug|Any CPU.ActiveCfg = Debug|Any CPU
		{81552B74-1F58-4CC1-B76B-87E84A35571A}.Debug|Any CPU.Build.0 = Debug|Any CPU
		{81552B74-1F58-4CC1-B76B-87E84A35571A}.Release|Any CPU.ActiveCfg = Release|Any CPU
		{81552B74-1F58-4CC1-B76B-87E84A35571A}.Release|Any CPU.Build.0 = Release|Any CPU
		{12FF11C4-EE44-4142-A335-EE7E7E9C4C60}.Debug|Any CPU.ActiveCfg = Debug|Any CPU
		{12FF11C4-EE44-4142-A335-EE7E7E9C4C60}.Debug|Any CPU.Build.0 = Debug|Any CPU
		{12FF11C4-EE44-4142-A335-EE7E7E9C4C60}.Release|Any CPU.ActiveCfg = Release|Any CPU
		{12FF11C4-EE44-4142-A335-EE7E7E9C4C60}.Release|Any CPU.Build.0 = Release|Any CPU
		{DE9EA2DB-5D18-4CF8-A3B7-B32D0BF48D96}.Debug|Any CPU.ActiveCfg = Debug|Any CPU
		{DE9EA2DB-5D18-4CF8-A3B7-B32D0BF48D96}.Debug|Any CPU.Build.0 = Debug|Any CPU
		{DE9EA2DB-5D18-4CF8-A3B7-B32D0BF48D96}.Release|Any CPU.ActiveCfg = Release|Any CPU
		{DE9EA2DB-5D18-4CF8-A3B7-B32D0BF48D96}.Release|Any CPU.Build.0 = Release|Any CPU
		{179722CB-48F2-47FB-B2A2-1526959935AE}.Debug|Any CPU.ActiveCfg = Debug|Any CPU
		{179722CB-48F2-47FB-B2A2-1526959935AE}.Debug|Any CPU.Build.0 = Debug|Any CPU
		{179722CB-48F2-47FB-B2A2-1526959935AE}.Release|Any CPU.ActiveCfg = Release|Any CPU
		{179722CB-48F2-47FB-B2A2-1526959935AE}.Release|Any CPU.Build.0 = Release|Any CPU
		{D5F7ED2E-28ED-4698-A516-E19F3B829F8C}.Debug|Any CPU.ActiveCfg = Debug|Any CPU
		{D5F7ED2E-28ED-4698-A516-E19F3B829F8C}.Debug|Any CPU.Build.0 = Debug|Any CPU
		{D5F7ED2E-28ED-4698-A516-E19F3B829F8C}.Release|Any CPU.ActiveCfg = Release|Any CPU
		{D5F7ED2E-28ED-4698-A516-E19F3B829F8C}.Release|Any CPU.Build.0 = Release|Any CPU
		{9F646F26-A7FE-4A26-88C7-3087412987BF}.Debug|Any CPU.ActiveCfg = Debug|Any CPU
		{9F646F26-A7FE-4A26-88C7-3087412987BF}.Debug|Any CPU.Build.0 = Debug|Any CPU
		{9F646F26-A7FE-4A26-88C7-3087412987BF}.Release|Any CPU.ActiveCfg = Release|Any CPU
		{9F646F26-A7FE-4A26-88C7-3087412987BF}.Release|Any CPU.Build.0 = Release|Any CPU
		{900270EB-1E6B-45E8-A283-D0AABE4E5A98}.Debug|Any CPU.ActiveCfg = Debug|Any CPU
		{900270EB-1E6B-45E8-A283-D0AABE4E5A98}.Debug|Any CPU.Build.0 = Debug|Any CPU
		{900270EB-1E6B-45E8-A283-D0AABE4E5A98}.Release|Any CPU.ActiveCfg = Release|Any CPU
		{900270EB-1E6B-45E8-A283-D0AABE4E5A98}.Release|Any CPU.Build.0 = Release|Any CPU
		{0EBC2DA3-9E28-4623-9F20-83278D31D964}.Debug|Any CPU.ActiveCfg = Debug|Any CPU
		{0EBC2DA3-9E28-4623-9F20-83278D31D964}.Debug|Any CPU.Build.0 = Debug|Any CPU
		{0EBC2DA3-9E28-4623-9F20-83278D31D964}.Release|Any CPU.ActiveCfg = Release|Any CPU
		{0EBC2DA3-9E28-4623-9F20-83278D31D964}.Release|Any CPU.Build.0 = Release|Any CPU
		{20376DC6-4F30-4D20-BC35-90B677C145CB}.Debug|Any CPU.ActiveCfg = Debug|Any CPU
		{20376DC6-4F30-4D20-BC35-90B677C145CB}.Debug|Any CPU.Build.0 = Debug|Any CPU
		{20376DC6-4F30-4D20-BC35-90B677C145CB}.Release|Any CPU.ActiveCfg = Release|Any CPU
		{20376DC6-4F30-4D20-BC35-90B677C145CB}.Release|Any CPU.Build.0 = Release|Any CPU
		{57E360B0-A55C-4D2D-9B04-73F15DEA5325}.Debug|Any CPU.ActiveCfg = Debug|Any CPU
		{57E360B0-A55C-4D2D-9B04-73F15DEA5325}.Debug|Any CPU.Build.0 = Debug|Any CPU
		{57E360B0-A55C-4D2D-9B04-73F15DEA5325}.Release|Any CPU.ActiveCfg = Release|Any CPU
		{57E360B0-A55C-4D2D-9B04-73F15DEA5325}.Release|Any CPU.Build.0 = Release|Any CPU
		{883A169F-A2F1-4001-AD95-1807951F9B7E}.Debug|Any CPU.ActiveCfg = Debug|Any CPU
		{883A169F-A2F1-4001-AD95-1807951F9B7E}.Debug|Any CPU.Build.0 = Debug|Any CPU
		{883A169F-A2F1-4001-AD95-1807951F9B7E}.Release|Any CPU.ActiveCfg = Release|Any CPU
		{883A169F-A2F1-4001-AD95-1807951F9B7E}.Release|Any CPU.Build.0 = Release|Any CPU
		{959A9717-65A2-4DCF-84FE-8757347B00FE}.Debug|Any CPU.ActiveCfg = Debug|Any CPU
		{959A9717-65A2-4DCF-84FE-8757347B00FE}.Debug|Any CPU.Build.0 = Debug|Any CPU
		{959A9717-65A2-4DCF-84FE-8757347B00FE}.Release|Any CPU.ActiveCfg = Release|Any CPU
		{959A9717-65A2-4DCF-84FE-8757347B00FE}.Release|Any CPU.Build.0 = Release|Any CPU
		{4AA61542-531D-4216-8B4D-DBEE43DE29C7}.Debug|Any CPU.ActiveCfg = Debug|Any CPU
		{4AA61542-531D-4216-8B4D-DBEE43DE29C7}.Debug|Any CPU.Build.0 = Debug|Any CPU
		{4AA61542-531D-4216-8B4D-DBEE43DE29C7}.Release|Any CPU.ActiveCfg = Release|Any CPU
		{4AA61542-531D-4216-8B4D-DBEE43DE29C7}.Release|Any CPU.Build.0 = Release|Any CPU
		{261CA139-D847-4086-9D2E-6E416B9A1337}.Debug|Any CPU.ActiveCfg = Debug|Any CPU
		{261CA139-D847-4086-9D2E-6E416B9A1337}.Debug|Any CPU.Build.0 = Debug|Any CPU
		{261CA139-D847-4086-9D2E-6E416B9A1337}.Release|Any CPU.ActiveCfg = Release|Any CPU
		{261CA139-D847-4086-9D2E-6E416B9A1337}.Release|Any CPU.Build.0 = Release|Any CPU
		{523519C4-83BC-4456-BBBD-E23A0B679E05}.Debug|Any CPU.ActiveCfg = Debug|Any CPU
		{523519C4-83BC-4456-BBBD-E23A0B679E05}.Debug|Any CPU.Build.0 = Debug|Any CPU
		{523519C4-83BC-4456-BBBD-E23A0B679E05}.Release|Any CPU.ActiveCfg = Release|Any CPU
		{523519C4-83BC-4456-BBBD-E23A0B679E05}.Release|Any CPU.Build.0 = Release|Any CPU
		{F2BDA820-2936-4625-A883-9112D7CCCA26}.Debug|Any CPU.ActiveCfg = Debug|Any CPU
		{F2BDA820-2936-4625-A883-9112D7CCCA26}.Debug|Any CPU.Build.0 = Debug|Any CPU
		{F2BDA820-2936-4625-A883-9112D7CCCA26}.Release|Any CPU.ActiveCfg = Release|Any CPU
		{F2BDA820-2936-4625-A883-9112D7CCCA26}.Release|Any CPU.Build.0 = Release|Any CPU
		{238DC1B6-1BCA-4110-839F-F7A947806692}.Debug|Any CPU.ActiveCfg = Debug|Any CPU
		{238DC1B6-1BCA-4110-839F-F7A947806692}.Debug|Any CPU.Build.0 = Debug|Any CPU
		{238DC1B6-1BCA-4110-839F-F7A947806692}.Release|Any CPU.ActiveCfg = Release|Any CPU
		{238DC1B6-1BCA-4110-839F-F7A947806692}.Release|Any CPU.Build.0 = Release|Any CPU
		{25B55F67-7413-4E01-879C-E7FCA75C9B30}.Debug|Any CPU.ActiveCfg = Debug|Any CPU
		{25B55F67-7413-4E01-879C-E7FCA75C9B30}.Debug|Any CPU.Build.0 = Debug|Any CPU
		{25B55F67-7413-4E01-879C-E7FCA75C9B30}.Release|Any CPU.ActiveCfg = Release|Any CPU
		{25B55F67-7413-4E01-879C-E7FCA75C9B30}.Release|Any CPU.Build.0 = Release|Any CPU
	EndGlobalSection
	GlobalSection(SolutionProperties) = preSolution
		HideSolutionNode = FALSE
	EndGlobalSection
	GlobalSection(NestedProjects) = preSolution
		{7692E64E-1510-4362-AE3A-E4BE6A68EDDF} = {B26DDE73-0369-4977-A004-3CCDE2B38825}
		{D324CB88-6FA9-4F9C-B7DD-EA7906132F6E} = {23FF7575-64C7-43DC-9FDB-1FE4BF5A1D3F}
		{4E0CF690-86CF-47F1-86CE-D837FBA75EF6} = {23FF7575-64C7-43DC-9FDB-1FE4BF5A1D3F}
		{E1337F9C-3E88-4453-BC84-B8FE52874C93} = {3FDC5685-F607-4E31-981B-1D23817E5E2E}
		{81552B74-1F58-4CC1-B76B-87E84A35571A} = {B26DDE73-0369-4977-A004-3CCDE2B38825}
		{12FF11C4-EE44-4142-A335-EE7E7E9C4C60} = {3FDC5685-F607-4E31-981B-1D23817E5E2E}
		{DE9EA2DB-5D18-4CF8-A3B7-B32D0BF48D96} = {3FDC5685-F607-4E31-981B-1D23817E5E2E}
		{179722CB-48F2-47FB-B2A2-1526959935AE} = {B26DDE73-0369-4977-A004-3CCDE2B38825}
		{D5F7ED2E-28ED-4698-A516-E19F3B829F8C} = {6A669F1D-22D1-4E66-A535-34AB35E7E981}
		{9F646F26-A7FE-4A26-88C7-3087412987BF} = {3FDC5685-F607-4E31-981B-1D23817E5E2E}
		{0EBC2DA3-9E28-4623-9F20-83278D31D964} = {DFA1DC1E-CEA9-4C53-9677-A203B2B045E4}
		{20376DC6-4F30-4D20-BC35-90B677C145CB} = {DFA1DC1E-CEA9-4C53-9677-A203B2B045E4}
		{57E360B0-A55C-4D2D-9B04-73F15DEA5325} = {DFA1DC1E-CEA9-4C53-9677-A203B2B045E4}
		{4AA61542-531D-4216-8B4D-DBEE43DE29C7} = {23FF7575-64C7-43DC-9FDB-1FE4BF5A1D3F}
		{261CA139-D847-4086-9D2E-6E416B9A1337} = {3FDC5685-F607-4E31-981B-1D23817E5E2E}
		{523519C4-83BC-4456-BBBD-E23A0B679E05} = {DFA1DC1E-CEA9-4C53-9677-A203B2B045E4}
		{F2BDA820-2936-4625-A883-9112D7CCCA26} = {3FDC5685-F607-4E31-981B-1D23817E5E2E}
		{238DC1B6-1BCA-4110-839F-F7A947806692} = {B26DDE73-0369-4977-A004-3CCDE2B38825}
	EndGlobalSection
	GlobalSection(ExtensibilityGlobals) = postSolution
		SolutionGuid = {F29D958F-997A-4DDE-B100-586ADFF9A3D3}
	EndGlobalSection
EndGlobal
